// This lockfile was autogenerated by Pants. To regenerate, run:
//
//    ./pants generate-lockfiles --resolve=pytest
//
// --- BEGIN PANTS LOCKFILE METADATA: DO NOT EDIT OR REMOVE ---
// {
//   "version": 2,
//   "valid_for_interpreter_constraints": [
//     "CPython>=3.10"
//   ],
//   "generated_with_requirements": [
//     "pydevd-pycharm==222.2889.11",
//     "pytest-asyncio==0.18",
//     "pytest-cov!=2.12.1,<3.1,>=2.12",
//     "pytest-cov==3.0.0",
//     "pytest-dependency==0.5.1",
//     "pytest-env==0.6.2",
//     "pytest-mock==3.7.0",
//     "pytest-postgresql==4.1.1",
//     "pytest-rerunfailures==10.2",
//     "pytest>=7.0"
//   ]
// }
// --- END PANTS LOCKFILE METADATA ---

{
  "allow_builds": true,
  "allow_prereleases": false,
  "allow_wheels": true,
  "build_isolation": true,
  "constraints": [],
  "locked_resolves": [
    {
      "locked_requirements": [
        {
          "artifacts": [
            {
              "algorithm": "sha256",
              "hash": "6d1784dea7c0c8d4a5172b6c620f40b6e4cbfdf96d783691f2e1302a7b88e197",
              "url": "https://files.pythonhosted.org/packages/2c/a0/da5f49008ec6e9a658dbf5d7310a4debd397bce0b4db03cf8a410066bb87/atomicwrites-1.4.0-py2.py3-none-any.whl"
            },
            {
              "algorithm": "sha256",
              "hash": "ae70396ad1a434f9c7046fd2dd196fc04b12f9e91ffb859164193be8b6168a7a",
              "url": "https://files.pythonhosted.org/packages/55/8d/74a75635f2c3c914ab5b3850112fd4b0c8039975ecb320e4449aa363ba54/atomicwrites-1.4.0.tar.gz"
            }
          ],
          "project_name": "atomicwrites",
          "requires_dists": [],
          "requires_python": "!=3.0.*,!=3.1.*,!=3.2.*,!=3.3.*,>=2.7",
          "version": "1.4"
        },
        {
          "artifacts": [
            {
              "algorithm": "sha256",
              "hash": "2d27e3784d7a565d36ab851fe94887c5eccd6a463168875832a1be79c82828b4",
              "url": "https://files.pythonhosted.org/packages/be/be/7abce643bfdf8ca01c48afa2ddf8308c2308b0c3b239a44e57d020afa0ef/attrs-21.4.0-py2.py3-none-any.whl"
            },
            {
              "algorithm": "sha256",
              "hash": "626ba8234211db98e869df76230a137c4c40a12d72445c45d5f5b716f076e2fd",
              "url": "https://files.pythonhosted.org/packages/d7/77/ebb15fc26d0f815839ecd897b919ed6d85c050feeb83e100e020df9153d2/attrs-21.4.0.tar.gz"
            }
          ],
          "project_name": "attrs",
          "requires_dists": [
            "cloudpickle; platform_python_implementation == \"CPython\" and extra == \"dev\"",
            "cloudpickle; platform_python_implementation == \"CPython\" and extra == \"tests\"",
            "cloudpickle; platform_python_implementation == \"CPython\" and extra == \"tests_no_zope\"",
            "coverage[toml]>=5.0.2; extra == \"dev\"",
            "coverage[toml]>=5.0.2; extra == \"tests\"",
            "coverage[toml]>=5.0.2; extra == \"tests_no_zope\"",
            "furo; extra == \"dev\"",
            "furo; extra == \"docs\"",
            "hypothesis; extra == \"dev\"",
            "hypothesis; extra == \"tests\"",
            "hypothesis; extra == \"tests_no_zope\"",
            "mypy; extra == \"dev\"",
            "mypy; extra == \"tests\"",
            "mypy; extra == \"tests_no_zope\"",
            "pre-commit; extra == \"dev\"",
            "pympler; extra == \"dev\"",
            "pympler; extra == \"tests\"",
            "pympler; extra == \"tests_no_zope\"",
            "pytest-mypy-plugins; extra == \"dev\"",
            "pytest-mypy-plugins; extra == \"tests\"",
            "pytest-mypy-plugins; extra == \"tests_no_zope\"",
            "pytest>=4.3.0; extra == \"dev\"",
            "pytest>=4.3.0; extra == \"tests\"",
            "pytest>=4.3.0; extra == \"tests_no_zope\"",
            "six; extra == \"dev\"",
            "six; extra == \"tests\"",
            "six; extra == \"tests_no_zope\"",
            "sphinx-notfound-page; extra == \"dev\"",
            "sphinx-notfound-page; extra == \"docs\"",
            "sphinx; extra == \"dev\"",
            "sphinx; extra == \"docs\"",
            "zope.interface; extra == \"dev\"",
            "zope.interface; extra == \"docs\"",
            "zope.interface; extra == \"tests\""
          ],
          "requires_python": "!=3.0.*,!=3.1.*,!=3.2.*,!=3.3.*,!=3.4.*,>=2.7",
          "version": "21.4"
        },
        {
          "artifacts": [
            {
              "algorithm": "sha256",
              "hash": "9f47eda37229f68eee03b24b9748937c7dc3868f906e8ba69fbcbdd3bc5dc3e2",
              "url": "https://files.pythonhosted.org/packages/44/98/5b86278fbbf250d239ae0ecb724f8572af1c91f4a11edf4d36a206189440/colorama-0.4.4-py2.py3-none-any.whl"
            },
            {
              "algorithm": "sha256",
              "hash": "5941b2b48a20143d2267e95b1c2a7603ce057ee39fd88e7329b0c292aa16869b",
              "url": "https://files.pythonhosted.org/packages/1f/bb/5d3246097ab77fa083a61bd8d3d527b7ae063c7d8e8671b1cf8c4ec10cbe/colorama-0.4.4.tar.gz"
            }
          ],
          "project_name": "colorama",
          "requires_dists": [],
          "requires_python": "!=3.0.*,!=3.1.*,!=3.2.*,!=3.3.*,!=3.4.*,>=2.7",
          "version": "0.4.4"
        },
        {
          "artifacts": [
            {
              "algorithm": "sha256",
              "hash": "ee2ddcac99b2d2aec413e36d7a429ae9ebcadf912946b13ffa88e7d4c9b712d6",
              "url": "https://files.pythonhosted.org/packages/78/2b/bde85d0d74635febf0be7eb7a59e022e742d3d5b6cae44f9c6936020f663/coverage-6.4.1-cp310-cp310-win_amd64.whl"
            },
            {
              "algorithm": "sha256",
              "hash": "f69718750eaae75efe506406c490d6fc5a6161d047206cc63ce25527e8a3adad",
              "url": "https://files.pythonhosted.org/packages/06/74/02a59725edded36f35e7b786df4b79f92a3d394a429950a7da55f0e67757/coverage-6.4.1-cp310-cp310-manylinux_2_5_x86_64.manylinux1_x86_64.manylinux_2_17_x86_64.manylinux2014_x86_64.whl"
            },
            {
              "algorithm": "sha256",
              "hash": "4321f075095a096e70aff1d002030ee612b65a205a0a0f5b815280d5dc58100c",
              "url": "https://files.pythonhosted.org/packages/29/88/f42e8e662fc5f705071b6587855d6cac8b91a27f75855e8f2183703ef98a/coverage-6.4.1.tar.gz"
            },
            {
              "algorithm": "sha256",
              "hash": "83c4e737f60c6936460c5be330d296dd5b48b3963f48634c53b3f7deb0f34ec4",
              "url": "https://files.pythonhosted.org/packages/40/98/d75e2a4ed5b8808645d92a9bbbc09d0679cf817115d0ddfde5670c192ad5/coverage-6.4.1-cp310-cp310-manylinux_2_17_aarch64.manylinux2014_aarch64.whl"
            },
            {
              "algorithm": "sha256",
              "hash": "4ce1b258493cbf8aec43e9b50d89982346b98e9ffdfaae8ae5793bc112fb0068",
              "url": "https://files.pythonhosted.org/packages/9b/b1/6b7486aa6fb0b4715599224d33153edfb46383fe154eace25b2b8e7a92f7/coverage-6.4.1-cp310-cp310-macosx_11_0_arm64.whl"
            },
            {
              "algorithm": "sha256",
              "hash": "01c5615d13f3dd3aa8543afc069e5319cfa0c7d712f6e04b920431e5c564a749",
              "url": "https://files.pythonhosted.org/packages/a2/e9/910f5422b1e73a20076d08e8d659e1a975de8d98ee5d3698c3ada3ce3cf4/coverage-6.4.1-cp310-cp310-musllinux_1_1_i686.whl"
            },
            {
              "algorithm": "sha256",
              "hash": "75ab269400706fab15981fd4bd5080c56bd5cc07c3bccb86aab5e1d5a88dc8f4",
              "url": "https://files.pythonhosted.org/packages/a5/8d/4758ef9dce5d1571ebd195e84a162a224aa4f20ef37a2632e5792de0c610/coverage-6.4.1-cp310-cp310-musllinux_1_1_x86_64.whl"
            },
            {
              "algorithm": "sha256",
              "hash": "f1d5aa2703e1dab4ae6cf416eb0095304f49d004c39e9db1d86f57924f43006b",
              "url": "https://files.pythonhosted.org/packages/bb/8d/80e6bed3fb60e4e2e7caee13e84857007bfa1c8d0e62ab459f30eaa7a60c/coverage-6.4.1-cp310-cp310-macosx_10_9_x86_64.whl"
            },
            {
              "algorithm": "sha256",
              "hash": "a7f3049243783df2e6cc6deafc49ea123522b59f464831476d3d1448e30d72df",
              "url": "https://files.pythonhosted.org/packages/c5/37/aa46bfa457b7ca789db797bd33ad5cf0eea87f9d845126b645e9858c5b76/coverage-6.4.1-cp310-cp310-win32.whl"
            },
            {
              "algorithm": "sha256",
              "hash": "84e65ef149028516c6d64461b95a8dbcfce95cfd5b9eb634320596173332ea84",
              "url": "https://files.pythonhosted.org/packages/ce/4e/c28d6540fa9deab29a5517bf0b479472ee77bf850d392c4d7cfdbdb23edb/coverage-6.4.1-cp310-cp310-manylinux_2_5_i686.manylinux1_i686.manylinux_2_17_i686.manylinux2014_i686.whl"
            },
            {
              "algorithm": "sha256",
              "hash": "e57816f8ffe46b1df8f12e1b348f06d164fd5219beba7d9433ba79608ef011cc",
              "url": "https://files.pythonhosted.org/packages/d1/9e/a24c6cfadeae3eea8ef8195d2ea575f01821eecb2491197d924af94b48d0/coverage-6.4.1-cp310-cp310-musllinux_1_1_aarch64.whl"
            }
          ],
          "project_name": "coverage",
          "requires_dists": [
            "tomli; python_full_version <= \"3.11.0a6\" and extra == \"toml\""
          ],
          "requires_python": ">=3.7",
          "version": "6.4.1"
        },
        {
          "artifacts": [
            {
              "algorithm": "sha256",
              "hash": "011e24c64b7f47f6ebd835bb12a743f2fbe9a26d4cecaa7f53bc4f35ee9da8b3",
              "url": "https://files.pythonhosted.org/packages/9b/dd/b3c12c6d707058fa947864b67f0c4e0c39ef8610988d7baea9578f3c48f3/iniconfig-1.1.1-py2.py3-none-any.whl"
            },
            {
              "algorithm": "sha256",
              "hash": "bc3af051d7d14b2ee5ef9969666def0cd1a000e121eaea580d4a313df4b37f32",
              "url": "https://files.pythonhosted.org/packages/23/a2/97899f6bd0e873fed3a7e67ae8d3a08b21799430fb4da15cfedf10d6e2c2/iniconfig-1.1.1.tar.gz"
            }
          ],
          "project_name": "iniconfig",
          "requires_dists": [],
          "requires_python": null,
          "version": "1.1.1"
        },
        {
          "artifacts": [
            {
              "algorithm": "sha256",
              "hash": "fdb67d141cc9f7abd485a515d618daf3272c3e6ff48380749997ff8e8c5f2cb2",
              "url": "https://files.pythonhosted.org/packages/8f/40/40fda0402500ecfb5fd813484b8472e49c33a667b3610a785947a790ebdd/mirakuru-2.4.2-py3-none-any.whl"
            },
            {
              "algorithm": "sha256",
              "hash": "ec84d4d81b4bca96cb0e598c6b3d198a92f036a0c1223c881482c02a98508226",
              "url": "https://files.pythonhosted.org/packages/16/08/dec32b1642fd8b59048df34730735873e4a0553c1a87593dfa6e28111d2d/mirakuru-2.4.2.tar.gz"
            }
          ],
          "project_name": "mirakuru",
          "requires_dists": [
            "psutil>=4.0.0; sys_platform != \"cygwin\"",
            "pytest-cov; extra == \"tests\"",
            "pytest; extra == \"tests\"",
            "python-daemon; extra == \"tests\""
          ],
          "requires_python": ">=3.7",
          "version": "2.4.2"
        },
        {
          "artifacts": [
            {
              "algorithm": "sha256",
              "hash": "ef103e05f519cdc783ae24ea4e2e0f508a9c99b2d4969652eed6a2e1ea5bd522",
              "url": "https://files.pythonhosted.org/packages/05/8e/8de486cbd03baba4deef4142bd643a3e7bbe954a784dc1bb17142572d127/packaging-21.3-py3-none-any.whl"
            },
            {
              "algorithm": "sha256",
              "hash": "dd47c42927d89ab911e606518907cc2d3a1f38bbd026385970643f9c5b8ecfeb",
              "url": "https://files.pythonhosted.org/packages/df/9e/d1a7217f69310c1db8fdf8ab396229f55a699ce34a203691794c5d1cad0c/packaging-21.3.tar.gz"
            }
          ],
          "project_name": "packaging",
          "requires_dists": [
            "pyparsing!=3.0.5,>=2.0.2"
          ],
          "requires_python": ">=3.6",
          "version": "21.3"
        },
        {
          "artifacts": [
            {
              "algorithm": "sha256",
              "hash": "74134bbf457f031a36d68416e1509f34bd5ccc019f0bcc952c7b909d06b37bd3",
              "url": "https://files.pythonhosted.org/packages/9e/01/f38e2ff29715251cf25532b9082a1589ab7e4f571ced434f98d0139336dc/pluggy-1.0.0-py2.py3-none-any.whl"
            },
            {
              "algorithm": "sha256",
              "hash": "4224373bacce55f955a878bf9cfa763c1e360858e330072059e10bad68531159",
              "url": "https://files.pythonhosted.org/packages/a1/16/db2d7de3474b6e37cbb9c008965ee63835bba517e22cdb8c35b5116b5ce1/pluggy-1.0.0.tar.gz"
            }
          ],
          "project_name": "pluggy",
          "requires_dists": [
            "importlib-metadata>=0.12; python_version < \"3.8\"",
            "pre-commit; extra == \"dev\"",
            "pytest-benchmark; extra == \"testing\"",
            "pytest; extra == \"testing\"",
            "tox; extra == \"dev\""
          ],
          "requires_python": ">=3.6",
          "version": "1"
        },
        {
          "artifacts": [
            {
              "algorithm": "sha256",
              "hash": "be154fdc1d8b2c50820cf1910151e0e9792f82a00ed09b8c277b551e5c99bb5a",
              "url": "https://files.pythonhosted.org/packages/27/f6/d95148bde09a5ce9a8c4f904e3c116f4a13fba24bd135ab2bc8330f0967c/port_for-0.6.2-py3-none-any.whl"
            },
            {
              "algorithm": "sha256",
              "hash": "9d4e73523d98f2f9f270308bbf415926c698b5439db8909384a79f152328b4d2",
              "url": "https://files.pythonhosted.org/packages/6b/de/34724ce0498f8fe3a3d4925c7f36185977abfbc60c029ff622cc4bb3736d/port-for-0.6.2.tar.gz"
            }
          ],
          "project_name": "port-for",
          "requires_dists": [
            "pytest-cov; extra == \"tests\"",
            "pytest; extra == \"tests\""
          ],
          "requires_python": ">=3.7",
          "version": "0.6.2"
        },
        {
          "artifacts": [
            {
              "algorithm": "sha256",
              "hash": "58678bbadae12e0db55186dc58f2888839228ac9f41cc7848853539b70490021",
              "url": "https://files.pythonhosted.org/packages/c0/5a/2ac88d5265b711c8aa4e786825b38d5d0b1e5ecbdd0ce78e9b04a820d247/psutil-5.9.1-cp310-cp310-win_amd64.whl"
            },
            {
              "algorithm": "sha256",
              "hash": "abd9246e4cdd5b554a2ddd97c157e292ac11ef3e7af25ac56b08b455c829dca8",
              "url": "https://files.pythonhosted.org/packages/14/06/39d7e963a6a8bbf26519de208593cdb0ddfe22918b8989f4b2363d4ab49f/psutil-5.9.1-cp310-cp310-manylinux_2_12_i686.manylinux2010_i686.manylinux_2_17_i686.manylinux2014_i686.whl"
            },
            {
              "algorithm": "sha256",
              "hash": "20b27771b077dcaa0de1de3ad52d22538fe101f9946d6dc7869e6f694f079329",
              "url": "https://files.pythonhosted.org/packages/26/b4/a58cf15ea649faa92c54f00c627aef1d50b9f1abf207485f10c967a50c95/psutil-5.9.1-cp310-cp310-win32.whl"
            },
            {
              "algorithm": "sha256",
              "hash": "29a442e25fab1f4d05e2655bb1b8ab6887981838d22effa2396d584b740194de",
              "url": "https://files.pythonhosted.org/packages/6d/c6/6a4e46802e8690d50ba6a56c7f79ac283e703fcfa0fdae8e41909c8cef1f/psutil-5.9.1-cp310-cp310-manylinux_2_12_x86_64.manylinux2010_x86_64.manylinux_2_17_x86_64.manylinux2014_x86_64.whl"
            },
            {
              "algorithm": "sha256",
              "hash": "c7be9d7f5b0d206f0bbc3794b8e16fb7dbc53ec9e40bbe8787c6f2d38efcf6c9",
              "url": "https://files.pythonhosted.org/packages/d1/16/6239e76ab5d990dc7866bc22a80585f73421588d63b42884d607f5f815e2/psutil-5.9.1-cp310-cp310-macosx_10_9_x86_64.whl"
            },
            {
              "algorithm": "sha256",
              "hash": "57f1819b5d9e95cdfb0c881a8a5b7d542ed0b7c522d575706a80bedc848c8954",
              "url": "https://files.pythonhosted.org/packages/d6/de/0999ea2562b96d7165812606b18f7169307b60cd378bc29cf3673322c7e9/psutil-5.9.1.tar.gz"
            }
          ],
          "project_name": "psutil",
          "requires_dists": [
            "enum34; python_version <= \"3.4\" and extra == \"test\"",
            "ipaddress; python_version < \"3.0\" and extra == \"test\"",
            "mock; python_version < \"3.0\" and extra == \"test\"",
            "pywin32; sys_platform == \"win32\" and extra == \"test\"",
            "wmi; sys_platform == \"win32\" and extra == \"test\""
          ],
          "requires_python": "!=3.0.*,!=3.1.*,!=3.2.*,!=3.3.*,>=2.7",
          "version": "5.9.1"
        },
        {
          "artifacts": [
            {
              "algorithm": "sha256",
              "hash": "607c53218732647dff4acdfcd50cb62615cedf612e72d1724fb1a0cc6405b378",
              "url": "https://files.pythonhosted.org/packages/f6/f0/10642828a8dfb741e5f3fbaac830550a518a775c7fff6f04a007259b0548/py-1.11.0-py2.py3-none-any.whl"
            },
            {
              "algorithm": "sha256",
              "hash": "51c75c4126074b472f746a24399ad32f6053d1b34b68d2fa41e558e6f4a98719",
              "url": "https://files.pythonhosted.org/packages/98/ff/fec109ceb715d2a6b4c4a85a61af3b40c723a961e8828319fbcb15b868dc/py-1.11.0.tar.gz"
            }
          ],
          "project_name": "py",
          "requires_dists": [],
          "requires_python": "!=3.0.*,!=3.1.*,!=3.2.*,!=3.3.*,!=3.4.*,>=2.7",
          "version": "1.11"
        },
        {
          "artifacts": [
            {
              "algorithm": "sha256",
              "hash": "442807a347ba677d5ecee19008360d8dbef7eb585f1a592ccfabf2450a5e7336",
              "url": "https://files.pythonhosted.org/packages/2e/78/010b9f2c25462b2a49ef4c8e39c463d850b812b0e06cd902fecabc6cf05a/pydevd-pycharm-222.2889.11.tar.gz"
            }
          ],
          "project_name": "pydevd-pycharm",
          "requires_dists": [],
          "requires_python": null,
          "version": "222.2889.11"
        },
        {
          "artifacts": [
            {
              "algorithm": "sha256",
              "hash": "5026bae9a10eeaefb61dab2f09052b9f4307d44aee4eda64b309723d8d206bbc",
              "url": "https://files.pythonhosted.org/packages/6c/10/a7d0fa5baea8fe7b50f448ab742f26f52b80bfca85ac2be9d35cdd9a3246/pyparsing-3.0.9-py3-none-any.whl"
            },
            {
              "algorithm": "sha256",
              "hash": "2b020ecf7d21b687f219b71ecad3631f644a47f01403fa1d1036b0c6416d70fb",
              "url": "https://files.pythonhosted.org/packages/71/22/207523d16464c40a0310d2d4d8926daffa00ac1f5b1576170a32db749636/pyparsing-3.0.9.tar.gz"
            }
          ],
          "project_name": "pyparsing",
          "requires_dists": [
            "jinja2; extra == \"diagrams\"",
            "railroad-diagrams; extra == \"diagrams\""
          ],
          "requires_python": ">=3.6.8",
          "version": "3.0.9"
        },
        {
          "artifacts": [
            {
              "algorithm": "sha256",
              "hash": "13d0e3ccfc2b6e26be000cb6568c832ba67ba32e719443bfe725814d3c42433c",
              "url": "https://files.pythonhosted.org/packages/fb/d0/bae533985f2338c5d02184b4a7083b819f6b3fc101da792e0d96e6e5299d/pytest-7.1.2-py3-none-any.whl"
            },
            {
              "algorithm": "sha256",
              "hash": "a06a0425453864a270bc45e71f783330a7428defb4230fb5e6a731fde06ecd45",
              "url": "https://files.pythonhosted.org/packages/4e/1f/34657c6ac56f3c58df650ba41f8ffb2620281ead8e11bcdc7db63cf72a78/pytest-7.1.2.tar.gz"
            }
          ],
          "project_name": "pytest",
          "requires_dists": [
            "argcomplete; extra == \"testing\"",
            "atomicwrites>=1.0; sys_platform == \"win32\"",
            "attrs>=19.2.0",
            "colorama; sys_platform == \"win32\"",
            "hypothesis>=3.56; extra == \"testing\"",
            "importlib-metadata>=0.12; python_version < \"3.8\"",
            "iniconfig",
            "mock; extra == \"testing\"",
            "nose; extra == \"testing\"",
            "packaging",
            "pluggy<2.0,>=0.12",
            "py>=1.8.2",
            "pygments>=2.7.2; extra == \"testing\"",
            "requests; extra == \"testing\"",
            "tomli>=1.0.0",
            "xmlschema; extra == \"testing\""
          ],
          "requires_python": ">=3.7",
          "version": "7.1.2"
        },
        {
          "artifacts": [
            {
              "algorithm": "sha256",
              "hash": "5e33f5010402309ff4e8cdec04e76b057ae73e0c132f12c6aa2fa6ec8cabfbf1",
              "url": "https://files.pythonhosted.org/packages/a8/b3/cf6b67794b1d4887ae87d6a00be41f65e4fd5f371f82df351eeb8aa5c0be/pytest_asyncio-0.18.0-py3-none-any.whl"
            },
            {
              "algorithm": "sha256",
              "hash": "5c510e5d3ad0f97bab0ae0223363d2aa6329bbbafb0981d96dbed6a804a99349",
              "url": "https://files.pythonhosted.org/packages/72/2b/67cf2070361f4160403210530bab713bacc2024d09f0022f1142a17ff596/pytest-asyncio-0.18.0.tar.gz"
            }
          ],
          "project_name": "pytest-asyncio",
          "requires_dists": [
            "coverage==6.2; extra == \"testing\"",
            "flaky>=3.5.0; extra == \"testing\"",
            "hypothesis>=5.7.1; extra == \"testing\"",
            "mypy==0.931; extra == \"testing\"",
            "pytest>=6.1.0",
            "typing-extensions>=3.7.2; python_version < \"3.8\""
          ],
          "requires_python": ">=3.7",
          "version": "0.18"
        },
        {
          "artifacts": [
            {
              "algorithm": "sha256",
              "hash": "578d5d15ac4a25e5f961c938b85a05b09fdaae9deef3bb6de9a6e766622ca7a6",
              "url": "https://files.pythonhosted.org/packages/20/49/b3e0edec68d81846f519c602ac38af9db86e1e71275528b3e814ae236063/pytest_cov-3.0.0-py3-none-any.whl"
            },
            {
              "algorithm": "sha256",
              "hash": "e7f0f5b1617d2210a2cabc266dfe2f4c75a8d32fb89eafb7ad9d06f6d076d470",
              "url": "https://files.pythonhosted.org/packages/61/41/e046526849972555928a6d31c2068410e47a31fb5ab0a77f868596811329/pytest-cov-3.0.0.tar.gz"
            }
          ],
          "project_name": "pytest-cov",
          "requires_dists": [
            "coverage[toml]>=5.2.1",
            "fields; extra == \"testing\"",
            "hunter; extra == \"testing\"",
            "process-tests; extra == \"testing\"",
            "pytest-xdist; extra == \"testing\"",
            "pytest>=4.6",
            "six; extra == \"testing\"",
            "virtualenv; extra == \"testing\""
          ],
          "requires_python": ">=3.6",
          "version": "3"
        },
        {
          "artifacts": [
            {
              "algorithm": "sha256",
              "hash": "c2a892906192663f85030a6ab91304e508e546cddfe557d692d61ec57a1d946b",
              "url": "https://files.pythonhosted.org/packages/69/6d/cfd6d654877f75e0368e4040f1cf0350dd9f427b578bf7b685af629f8167/pytest-dependency-0.5.1.tar.gz"
            }
          ],
          "project_name": "pytest-dependency",
          "requires_dists": [
            "pytest>=3.6.0"
          ],
          "requires_python": null,
          "version": "0.5.1"
        },
        {
          "artifacts": [
            {
              "algorithm": "sha256",
              "hash": "7e94956aef7f2764f3c147d216ce066bf6c42948bb9e293169b1b1c880a580c2",
              "url": "https://files.pythonhosted.org/packages/f9/6e/31efb8dc1d17052c12f39262223e94038bfcc4cc7a124235630a6d50f166/pytest-env-0.6.2.tar.gz"
            }
          ],
          "project_name": "pytest-env",
          "requires_dists": [
            "pytest>=2.6.0"
          ],
          "requires_python": null,
          "version": "0.6.2"
        },
        {
          "artifacts": [
            {
              "algorithm": "sha256",
              "hash": "6cff27cec936bf81dc5ee87f07132b807bcda51106b5ec4b90a04331cba76231",
              "url": "https://files.pythonhosted.org/packages/11/40/8fcb3c0f72e11dc44e1102b2adf5f160b8a00e84d915798c60aabcd9257a/pytest_mock-3.7.0-py3-none-any.whl"
            },
            {
              "algorithm": "sha256",
              "hash": "5112bd92cc9f186ee96e1a92efc84969ea494939c3aead39c50f421c4cc69534",
              "url": "https://files.pythonhosted.org/packages/96/e1/fb53b62056e6840a36d9a4beb4e42726155594c567b574103435a7131c60/pytest-mock-3.7.0.tar.gz"
            }
          ],
          "project_name": "pytest-mock",
          "requires_dists": [
            "pre-commit; extra == \"dev\"",
            "pytest-asyncio; extra == \"dev\"",
            "pytest>=5.0",
            "tox; extra == \"dev\""
          ],
          "requires_python": ">=3.7",
          "version": "3.7"
        },
        {
          "artifacts": [
            {
              "algorithm": "sha256",
              "hash": "e4fca93189ce7e4f306ed5974cd5fdbb988f6b18ea51d12465dd301fcace933f",
              "url": "https://files.pythonhosted.org/packages/8d/2d/4b30a3ead59ca70463155fed8597dee7a5ef347d935ddd0f319bc331cba1/pytest_postgresql-4.1.1-py3-none-any.whl"
            },
            {
              "algorithm": "sha256",
              "hash": "144d6af4000641decb1f0e8025d9bfdd4a0572f418c5fec7ef409b51b991295d",
              "url": "https://files.pythonhosted.org/packages/5f/83/e31f2b6ffb4fe7c3ac02f314d23b6c1af38f321152be55a6cd5714f27ed6/pytest-postgresql-4.1.1.tar.gz"
            }
          ],
          "project_name": "pytest-postgresql",
          "requires_dists": [
            "mirakuru>=2.3.0",
            "port-for",
            "pytest-cov; extra == \"tests\"",
            "pytest-xdist; extra == \"tests\"",
            "pytest>=6.2.0",
            "setuptools"
          ],
          "requires_python": ">=3.7",
          "version": "4.1.1"
        },
        {
          "artifacts": [
            {
              "algorithm": "sha256",
              "hash": "d31d8e828dfd39363ad99cd390187bf506c7a433a89f15c3126c7d16ab723fe2",
              "url": "https://files.pythonhosted.org/packages/ee/cc/f8782fb91a6a9e1b593c22e3b1a7354a9dbd6d632e63ddf122b2da49037b/pytest_rerunfailures-10.2-py3-none-any.whl"
            },
            {
              "algorithm": "sha256",
              "hash": "9e1e1bad51e07642c5bbab809fc1d4ec8eebcb7de86f90f1a26e6ef9de446697",
              "url": "https://files.pythonhosted.org/packages/83/07/4b24f61f9700bd0d11cad641180898d48f602f156254a43376ee759fb904/pytest-rerunfailures-10.2.tar.gz"
            }
          ],
          "project_name": "pytest-rerunfailures",
          "requires_dists": [
            "pytest>=5.3",
            "setuptools>=40.0"
          ],
          "requires_python": ">=3.6",
          "version": "10.2"
        },
        {
          "artifacts": [
            {
              "algorithm": "sha256",
              "hash": "d1746e7fd520e83bbe210d02fff1aa1a425ad671c7a9da7d246ec2401a087198",
              "url": "https://files.pythonhosted.org/packages/27/0b/cb81bc3a06a242c7626fca8aa9ce82453af3bc44e72a39666bb4052ac302/setuptools-62.3.3-py3-none-any.whl"
            },
            {
              "algorithm": "sha256",
              "hash": "e7d11f3db616cda0751372244c2ba798e8e56a28e096ec4529010b803485f3fe",
              "url": "https://files.pythonhosted.org/packages/fb/50/005826d31d58a7b90585b5510f2f597c5406ae34df884f4f5d63abfb6ca7/setuptools-62.3.3.tar.gz"
            }
          ],
          "project_name": "setuptools",
          "requires_dists": [
            "build[virtualenv]; extra == \"testing\"",
            "build[virtualenv]; extra == \"testing-integration\"",
            "filelock>=3.4.0; extra == \"testing\"",
            "filelock>=3.4.0; extra == \"testing-integration\"",
            "flake8-2020; extra == \"testing\"",
            "furo; extra == \"docs\"",
            "ini2toml[lite]>=0.9; extra == \"testing\"",
            "jaraco.envs>=2.2; extra == \"testing\"",
            "jaraco.envs>=2.2; extra == \"testing-integration\"",
            "jaraco.packaging>=9; extra == \"docs\"",
            "jaraco.path>=3.2.0; extra == \"testing\"",
            "jaraco.path>=3.2.0; extra == \"testing-integration\"",
            "jaraco.tidelift>=1.4; extra == \"docs\"",
            "mock; extra == \"testing\"",
            "pip-run>=8.8; extra == \"testing\"",
            "pip>=19.1; extra == \"testing\"",
            "pygments-github-lexers==0.0.5; extra == \"docs\"",
            "pytest-black>=0.3.7; platform_python_implementation != \"PyPy\" and extra == \"testing\"",
            "pytest-checkdocs>=2.4; extra == \"testing\"",
            "pytest-cov; platform_python_implementation != \"PyPy\" and extra == \"testing\"",
            "pytest-enabler; extra == \"testing-integration\"",
            "pytest-enabler>=1.0.1; extra == \"testing\"",
            "pytest-flake8; extra == \"testing\"",
            "pytest-mypy>=0.9.1; platform_python_implementation != \"PyPy\" and extra == \"testing\"",
            "pytest-perf; extra == \"testing\"",
            "pytest-xdist; extra == \"testing\"",
            "pytest-xdist; extra == \"testing-integration\"",
            "pytest; extra == \"testing-integration\"",
            "pytest>=6; extra == \"testing\"",
            "rst.linker>=1.9; extra == \"docs\"",
            "sphinx-favicon; extra == \"docs\"",
            "sphinx-inline-tabs; extra == \"docs\"",
            "sphinx-reredirects; extra == \"docs\"",
            "sphinx; extra == \"docs\"",
            "sphinxcontrib-towncrier; extra == \"docs\"",
            "tomli-w>=1.0.0; extra == \"testing\"",
            "tomli; extra == \"testing-integration\"",
            "virtualenv>=13.0.0; extra == \"testing\"",
            "virtualenv>=13.0.0; extra == \"testing-integration\"",
            "wheel; extra == \"testing\"",
            "wheel; extra == \"testing-integration\""
          ],
          "requires_python": ">=3.7",
          "version": "62.3.3"
        },
        {
          "artifacts": [
            {
              "algorithm": "sha256",
              "hash": "939de3e7a6161af0c887ef91b7d41a53e7c5a1ca976325f429cb46ea9bc30ecc",
              "url": "https://files.pythonhosted.org/packages/97/75/10a9ebee3fd790d20926a90a2547f0bf78f371b2f13aa822c759680ca7b9/tomli-2.0.1-py3-none-any.whl"
            },
            {
              "algorithm": "sha256",
              "hash": "de526c12914f0c550d15924c62d72abc48d6fe7364aa87328337a31007fe8a4f",
              "url": "https://files.pythonhosted.org/packages/c0/3f/d7af728f075fb08564c5949a9c95e44352e23dee646869fa104a3b2060a3/tomli-2.0.1.tar.gz"
            }
          ],
          "project_name": "tomli",
          "requires_dists": [],
          "requires_python": ">=3.7",
          "version": "2.0.1"
        }
      ],
      "platform_tag": [
        "cp310",
        "cp310",
        "macosx_12_0_arm64"
      ]
    }
  ],
  "path_mappings": {},
  "pex_version": "2.1.84",
  "prefer_older_binary": false,
  "requirements": [
    "pydevd-pycharm==222.2889.11",
    "pytest-asyncio==0.18",
    "pytest-cov!=2.12.1,<3.1,>=2.12",
    "pytest-cov==3.0.0",
    "pytest-dependency==0.5.1",
    "pytest-env==0.6.2",
    "pytest-mock==3.7.0",
    "pytest-postgresql==4.1.1",
    "pytest-rerunfailures==10.2",
    "pytest>=7.0"
  ],
  "requires_python": [
    ">=3.10"
  ],
  "resolver_version": "pip-2020-resolver",
  "style": "universal",
  "transitive": true,
  "use_pep517": null
}